
Microsoft Visual Studio Solution File, Format Version 12.00
# Visual Studio Version 17
VisualStudioVersion = 17.10.34916.146
MinimumVisualStudioVersion = 10.0.40219.1
Project("{FAE04EC0-301F-11D3-BF4B-00C04F79EFBC}") = "SortArr", "ForResume\SortArr.csproj", "{79925493-7985-4E10-8372-AEADB168AB12}"
EndProject
Project("{FAE04EC0-301F-11D3-BF4B-00C04F79EFBC}") = "BengalFire", "BengalFire\BengalFire.csproj", "{39CED92C-D9F1-4AB7-ACA2-E7BC5E87D201}"
EndProject
Global
	GlobalSection(SolutionConfigurationPlatforms) = preSolution
		Debug|Any CPU = Debug|Any CPU
		Release|Any CPU = Release|Any CPU
	EndGlobalSection
	GlobalSection(ProjectConfigurationPlatforms) = postSolution
		{79925493-7985-4E10-8372-AEADB168AB12}.Debug|Any CPU.ActiveCfg = Debug|Any CPU
		{79925493-7985-4E10-8372-AEADB168AB12}.Debug|Any CPU.Build.0 = Debug|Any CPU
		{79925493-7985-4E10-8372-AEADB168AB12}.Release|Any CPU.ActiveCfg = Release|Any CPU
		{79925493-7985-4E10-8372-AEADB168AB12}.Release|Any CPU.Build.0 = Release|Any CPU
		{39CED92C-D9F1-4AB7-ACA2-E7BC5E87D201}.Debug|Any CPU.ActiveCfg = Debug|Any CPU
		{39CED92C-D9F1-4AB7-ACA2-E7BC5E87D201}.Debug|Any CPU.Build.0 = Debug|Any CPU
		{39CED92C-D9F1-4AB7-ACA2-E7BC5E87D201}.Release|Any CPU.ActiveCfg = Release|Any CPU
		{39CED92C-D9F1-4AB7-ACA2-E7BC5E87D201}.Release|Any CPU.Build.0 = Release|Any CPU
	EndGlobalSection
	GlobalSection(SolutionProperties) = preSolution
		HideSolutionNode = FALSE
	EndGlobalSection
	GlobalSection(ExtensibilityGlobals) = postSolution
		SolutionGuid = {69D2281C-DABA-4F12-AC7F-BB1FE31292B7}
	EndGlobalSection
EndGlobal
